
Microsoft Visual Studio Solution File, Format Version 12.00
# Visual Studio Version 17
VisualStudioVersion = 17.5.33627.172
MinimumVisualStudioVersion = 10.0.40219.1
Project("{FAE04EC0-301F-11D3-BF4B-00C04F79EFBC}") = "Laba5(W)", "Laba5(W)\Laba5(W).csproj", "{8C5A4184-BE40-4634-97C0-1AFEAA77BDEF}"
EndProject
Global
	GlobalSection(SolutionConfigurationPlatforms) = preSolution
		Debug|Any CPU = Debug|Any CPU
		Release|Any CPU = Release|Any CPU
	EndGlobalSection
	GlobalSection(ProjectConfigurationPlatforms) = postSolution
		{8C5A4184-BE40-4634-97C0-1AFEAA77BDEF}.Debug|Any CPU.ActiveCfg = Debug|Any CPU
		{8C5A4184-BE40-4634-97C0-1AFEAA77BDEF}.Debug|Any CPU.Build.0 = Debug|Any CPU
		{8C5A4184-BE40-4634-97C0-1AFEAA77BDEF}.Release|Any CPU.ActiveCfg = Release|Any CPU
		{8C5A4184-BE40-4634-97C0-1AFEAA77BDEF}.Release|Any CPU.Build.0 = Release|Any CPU
	EndGlobalSection
	GlobalSection(SolutionProperties) = preSolution
		HideSolutionNode = FALSE
	EndGlobalSection
	GlobalSection(ExtensibilityGlobals) = postSolution
		SolutionGuid = {81FC566B-7414-43F2-B6A3-B981316C4540}
	EndGlobalSection
EndGlobal
